// !$*UTF8*$!
{
	archiveVersion = 1;
	classes = {
	};
	objectVersion = 56;
	objects = {

/* Begin PBXBuildFile section */
		1875289529D4B3E40087EDDC /* LibraryView.swift in Sources */ = {isa = PBXBuildFile; fileRef = 1875289429D4B3E40087EDDC /* LibraryView.swift */; };
		188876DC29D3DB2E001110F0 /* MobileDevVFXPortfolioApp.swift in Sources */ = {isa = PBXBuildFile; fileRef = 188876DB29D3DB2E001110F0 /* MobileDevVFXPortfolioApp.swift */; };
		188876DE29D3DB2E001110F0 /* ContentView.swift in Sources */ = {isa = PBXBuildFile; fileRef = 188876DD29D3DB2E001110F0 /* ContentView.swift */; };
		188876E029D3DB2F001110F0 /* Assets.xcassets in Resources */ = {isa = PBXBuildFile; fileRef = 188876DF29D3DB2F001110F0 /* Assets.xcassets */; };
		188876E329D3DB2F001110F0 /* Preview Assets.xcassets in Resources */ = {isa = PBXBuildFile; fileRef = 188876E229D3DB2F001110F0 /* Preview Assets.xcassets */; };
		188876ED29D3DB2F001110F0 /* MobileDevVFXPortfolioTests.swift in Sources */ = {isa = PBXBuildFile; fileRef = 188876EC29D3DB2F001110F0 /* MobileDevVFXPortfolioTests.swift */; };
		188876F729D3DB2F001110F0 /* MobileDevVFXPortfolioUITests.swift in Sources */ = {isa = PBXBuildFile; fileRef = 188876F629D3DB2F001110F0 /* MobileDevVFXPortfolioUITests.swift */; };
		188876F929D3DB2F001110F0 /* MobileDevVFXPortfolioUITestsLaunchTests.swift in Sources */ = {isa = PBXBuildFile; fileRef = 188876F829D3DB2F001110F0 /* MobileDevVFXPortfolioUITestsLaunchTests.swift */; };
		18B3574629D8F1F90040D873 /* DetailedProjectView.swift in Sources */ = {isa = PBXBuildFile; fileRef = 18B3574529D8F1F90040D873 /* DetailedProjectView.swift */; };
/* End PBXBuildFile section */

/* Begin PBXContainerItemProxy section */
		188876E929D3DB2F001110F0 /* PBXContainerItemProxy */ = {
			isa = PBXContainerItemProxy;
			containerPortal = 188876D029D3DB2E001110F0 /* Project object */;
			proxyType = 1;
			remoteGlobalIDString = 188876D729D3DB2E001110F0;
			remoteInfo = MobileDevVFXPortfolio;
		};
		188876F329D3DB2F001110F0 /* PBXContainerItemProxy */ = {
			isa = PBXContainerItemProxy;
			containerPortal = 188876D029D3DB2E001110F0 /* Project object */;
			proxyType = 1;
			remoteGlobalIDString = 188876D729D3DB2E001110F0;
			remoteInfo = MobileDevVFXPortfolio;
		};
/* End PBXContainerItemProxy section */

/* Begin PBXFileReference section */
		1875289429D4B3E40087EDDC /* LibraryView.swift */ = {isa = PBXFileReference; lastKnownFileType = sourcecode.swift; path = LibraryView.swift; sourceTree = "<group>"; };
		188876D829D3DB2E001110F0 /* MobileDevVFXPortfolio.app */ = {isa = PBXFileReference; explicitFileType = wrapper.application; includeInIndex = 0; path = MobileDevVFXPortfolio.app; sourceTree = BUILT_PRODUCTS_DIR; };
		188876DB29D3DB2E001110F0 /* MobileDevVFXPortfolioApp.swift */ = {isa = PBXFileReference; lastKnownFileType = sourcecode.swift; path = MobileDevVFXPortfolioApp.swift; sourceTree = "<group>"; };
		188876DD29D3DB2E001110F0 /* ContentView.swift */ = {isa = PBXFileReference; lastKnownFileType = sourcecode.swift; path = ContentView.swift; sourceTree = "<group>"; };
		188876DF29D3DB2F001110F0 /* Assets.xcassets */ = {isa = PBXFileReference; lastKnownFileType = folder.assetcatalog; path = Assets.xcassets; sourceTree = "<group>"; };
		188876E229D3DB2F001110F0 /* Preview Assets.xcassets */ = {isa = PBXFileReference; lastKnownFileType = folder.assetcatalog; path = "Preview Assets.xcassets"; sourceTree = "<group>"; };
		188876E829D3DB2F001110F0 /* MobileDevVFXPortfolioTests.xctest */ = {isa = PBXFileReference; explicitFileType = wrapper.cfbundle; includeInIndex = 0; path = MobileDevVFXPortfolioTests.xctest; sourceTree = BUILT_PRODUCTS_DIR; };
		188876EC29D3DB2F001110F0 /* MobileDevVFXPortfolioTests.swift */ = {isa = PBXFileReference; lastKnownFileType = sourcecode.swift; path = MobileDevVFXPortfolioTests.swift; sourceTree = "<group>"; };
		188876F229D3DB2F001110F0 /* MobileDevVFXPortfolioUITests.xctest */ = {isa = PBXFileReference; explicitFileType = wrapper.cfbundle; includeInIndex = 0; path = MobileDevVFXPortfolioUITests.xctest; sourceTree = BUILT_PRODUCTS_DIR; };
		188876F629D3DB2F001110F0 /* MobileDevVFXPortfolioUITests.swift */ = {isa = PBXFileReference; lastKnownFileType = sourcecode.swift; path = MobileDevVFXPortfolioUITests.swift; sourceTree = "<group>"; };
		188876F829D3DB2F001110F0 /* MobileDevVFXPortfolioUITestsLaunchTests.swift */ = {isa = PBXFileReference; lastKnownFileType = sourcecode.swift; path = MobileDevVFXPortfolioUITestsLaunchTests.swift; sourceTree = "<group>"; };
		18B3574529D8F1F90040D873 /* DetailedProjectView.swift */ = {isa = PBXFileReference; lastKnownFileType = sourcecode.swift; path = DetailedProjectView.swift; sourceTree = "<group>"; };
/* End PBXFileReference section */

/* Begin PBXFrameworksBuildPhase section */
		188876D529D3DB2E001110F0 /* Frameworks */ = {
			isa = PBXFrameworksBuildPhase;
			buildActionMask = 2147483647;
			files = (
			);
			runOnlyForDeploymentPostprocessing = 0;
		};
		188876E529D3DB2F001110F0 /* Frameworks */ = {
			isa = PBXFrameworksBuildPhase;
			buildActionMask = 2147483647;
			files = (
			);
			runOnlyForDeploymentPostprocessing = 0;
		};
		188876EF29D3DB2F001110F0 /* Frameworks */ = {
			isa = PBXFrameworksBuildPhase;
			buildActionMask = 2147483647;
			files = (
			);
			runOnlyForDeploymentPostprocessing = 0;
		};
/* End PBXFrameworksBuildPhase section */

/* Begin PBXGroup section */
		188876CF29D3DB2E001110F0 = {
			isa = PBXGroup;
			children = (
				188876DA29D3DB2E001110F0 /* MobileDevVFXPortfolio */,
				188876EB29D3DB2F001110F0 /* MobileDevVFXPortfolioTests */,
				188876F529D3DB2F001110F0 /* MobileDevVFXPortfolioUITests */,
				188876D929D3DB2E001110F0 /* Products */,
			);
			sourceTree = "<group>";
		};
		188876D929D3DB2E001110F0 /* Products */ = {
			isa = PBXGroup;
			children = (
				188876D829D3DB2E001110F0 /* MobileDevVFXPortfolio.app */,
				188876E829D3DB2F001110F0 /* MobileDevVFXPortfolioTests.xctest */,
				188876F229D3DB2F001110F0 /* MobileDevVFXPortfolioUITests.xctest */,
			);
			name = Products;
			sourceTree = "<group>";
		};
		188876DA29D3DB2E001110F0 /* MobileDevVFXPortfolio */ = {
			isa = PBXGroup;
			children = (
				188876DB29D3DB2E001110F0 /* MobileDevVFXPortfolioApp.swift */,
				188876DD29D3DB2E001110F0 /* ContentView.swift */,
				188876DF29D3DB2F001110F0 /* Assets.xcassets */,
				188876E129D3DB2F001110F0 /* Preview Content */,
				1875289429D4B3E40087EDDC /* LibraryView.swift */,
				18B3574529D8F1F90040D873 /* DetailedProjectView.swift */,
			);
			path = MobileDevVFXPortfolio;
			sourceTree = "<group>";
		};
		188876E129D3DB2F001110F0 /* Preview Content */ = {
			isa = PBXGroup;
			children = (
				188876E229D3DB2F001110F0 /* Preview Assets.xcassets */,
			);
			path = "Preview Content";
			sourceTree = "<group>";
		};
		188876EB29D3DB2F001110F0 /* MobileDevVFXPortfolioTests */ = {
			isa = PBXGroup;
			children = (
				188876EC29D3DB2F001110F0 /* MobileDevVFXPortfolioTests.swift */,
			);
			path = MobileDevVFXPortfolioTests;
			sourceTree = "<group>";
		};
		188876F529D3DB2F001110F0 /* MobileDevVFXPortfolioUITests */ = {
			isa = PBXGroup;
			children = (
				188876F629D3DB2F001110F0 /* MobileDevVFXPortfolioUITests.swift */,
				188876F829D3DB2F001110F0 /* MobileDevVFXPortfolioUITestsLaunchTests.swift */,
			);
			path = MobileDevVFXPortfolioUITests;
			sourceTree = "<group>";
		};
/* End PBXGroup section */

/* Begin PBXNativeTarget section */
		188876D729D3DB2E001110F0 /* MobileDevVFXPortfolio */ = {
			isa = PBXNativeTarget;
			buildConfigurationList = 188876FC29D3DB2F001110F0 /* Build configuration list for PBXNativeTarget "MobileDevVFXPortfolio" */;
			buildPhases = (
				188876D429D3DB2E001110F0 /* Sources */,
				188876D529D3DB2E001110F0 /* Frameworks */,
				188876D629D3DB2E001110F0 /* Resources */,
			);
			buildRules = (
			);
			dependencies = (
			);
			name = MobileDevVFXPortfolio;
			productName = MobileDevVFXPortfolio;
			productReference = 188876D829D3DB2E001110F0 /* MobileDevVFXPortfolio.app */;
			productType = "com.apple.product-type.application";
		};
		188876E729D3DB2F001110F0 /* MobileDevVFXPortfolioTests */ = {
			isa = PBXNativeTarget;
			buildConfigurationList = 188876FF29D3DB2F001110F0 /* Build configuration list for PBXNativeTarget "MobileDevVFXPortfolioTests" */;
			buildPhases = (
				188876E429D3DB2F001110F0 /* Sources */,
				188876E529D3DB2F001110F0 /* Frameworks */,
				188876E629D3DB2F001110F0 /* Resources */,
			);
			buildRules = (
			);
			dependencies = (
				188876EA29D3DB2F001110F0 /* PBXTargetDependency */,
			);
			name = MobileDevVFXPortfolioTests;
			productName = MobileDevVFXPortfolioTests;
			productReference = 188876E829D3DB2F001110F0 /* MobileDevVFXPortfolioTests.xctest */;
			productType = "com.apple.product-type.bundle.unit-test";
		};
		188876F129D3DB2F001110F0 /* MobileDevVFXPortfolioUITests */ = {
			isa = PBXNativeTarget;
			buildConfigurationList = 1888770229D3DB2F001110F0 /* Build configuration list for PBXNativeTarget "MobileDevVFXPortfolioUITests" */;
			buildPhases = (
				188876EE29D3DB2F001110F0 /* Sources */,
				188876EF29D3DB2F001110F0 /* Frameworks */,
				188876F029D3DB2F001110F0 /* Resources */,
			);
			buildRules = (
			);
			dependencies = (
				188876F429D3DB2F001110F0 /* PBXTargetDependency */,
			);
			name = MobileDevVFXPortfolioUITests;
			productName = MobileDevVFXPortfolioUITests;
			productReference = 188876F229D3DB2F001110F0 /* MobileDevVFXPortfolioUITests.xctest */;
			productType = "com.apple.product-type.bundle.ui-testing";
		};
/* End PBXNativeTarget section */

/* Begin PBXProject section */
		188876D029D3DB2E001110F0 /* Project object */ = {
			isa = PBXProject;
			attributes = {
				BuildIndependentTargetsInParallel = 1;
				LastSwiftUpdateCheck = 1400;
				LastUpgradeCheck = 1400;
				TargetAttributes = {
					188876D729D3DB2E001110F0 = {
						CreatedOnToolsVersion = 14.0.1;
					};
					188876E729D3DB2F001110F0 = {
						CreatedOnToolsVersion = 14.0.1;
						TestTargetID = 188876D729D3DB2E001110F0;
					};
					188876F129D3DB2F001110F0 = {
						CreatedOnToolsVersion = 14.0.1;
						TestTargetID = 188876D729D3DB2E001110F0;
					};
				};
			};
			buildConfigurationList = 188876D329D3DB2E001110F0 /* Build configuration list for PBXProject "MobileDevVFXPortfolio" */;
			compatibilityVersion = "Xcode 14.0";
			developmentRegion = en;
			hasScannedForEncodings = 0;
			knownRegions = (
				en,
				Base,
			);
			mainGroup = 188876CF29D3DB2E001110F0;
			productRefGroup = 188876D929D3DB2E001110F0 /* Products */;
			projectDirPath = "";
			projectRoot = "";
			targets = (
				188876D729D3DB2E001110F0 /* MobileDevVFXPortfolio */,
				188876E729D3DB2F001110F0 /* MobileDevVFXPortfolioTests */,
				188876F129D3DB2F001110F0 /* MobileDevVFXPortfolioUITests */,
			);
		};
/* End PBXProject section */

/* Begin PBXResourcesBuildPhase section */
		188876D629D3DB2E001110F0 /* Resources */ = {
			isa = PBXResourcesBuildPhase;
			buildActionMask = 2147483647;
			files = (
				188876E329D3DB2F001110F0 /* Preview Assets.xcassets in Resources */,
				188876E029D3DB2F001110F0 /* Assets.xcassets in Resources */,
			);
			runOnlyForDeploymentPostprocessing = 0;
		};
		188876E629D3DB2F001110F0 /* Resources */ = {
			isa = PBXResourcesBuildPhase;
			buildActionMask = 2147483647;
			files = (
			);
			runOnlyForDeploymentPostprocessing = 0;
		};
		188876F029D3DB2F001110F0 /* Resources */ = {
			isa = PBXResourcesBuildPhase;
			buildActionMask = 2147483647;
			files = (
			);
			runOnlyForDeploymentPostprocessing = 0;
		};
/* End PBXResourcesBuildPhase section */

/* Begin PBXSourcesBuildPhase section */
		188876D429D3DB2E001110F0 /* Sources */ = {
			isa = PBXSourcesBuildPhase;
			buildActionMask = 2147483647;
			files = (
				188876DE29D3DB2E001110F0 /* ContentView.swift in Sources */,
				1875289529D4B3E40087EDDC /* LibraryView.swift in Sources */,
				188876DC29D3DB2E001110F0 /* MobileDevVFXPortfolioApp.swift in Sources */,
				18B3574629D8F1F90040D873 /* DetailedProjectView.swift in Sources */,
			);
			runOnlyForDeploymentPostprocessing = 0;
		};
		188876E429D3DB2F001110F0 /* Sources */ = {
			isa = PBXSourcesBuildPhase;
			buildActionMask = 2147483647;
			files = (
				188876ED29D3DB2F001110F0 /* MobileDevVFXPortfolioTests.swift in Sources */,
			);
			runOnlyForDeploymentPostprocessing = 0;
		};
		188876EE29D3DB2F001110F0 /* Sources */ = {
			isa = PBXSourcesBuildPhase;
			buildActionMask = 2147483647;
			files = (
				188876F929D3DB2F001110F0 /* MobileDevVFXPortfolioUITestsLaunchTests.swift in Sources */,
				188876F729D3DB2F001110F0 /* MobileDevVFXPortfolioUITests.swift in Sources */,
			);
			runOnlyForDeploymentPostprocessing = 0;
		};
/* End PBXSourcesBuildPhase section */

/* Begin PBXTargetDependency section */
		188876EA29D3DB2F001110F0 /* PBXTargetDependency */ = {
			isa = PBXTargetDependency;
			target = 188876D729D3DB2E001110F0 /* MobileDevVFXPortfolio */;
			targetProxy = 188876E929D3DB2F001110F0 /* PBXContainerItemProxy */;
		};
		188876F429D3DB2F001110F0 /* PBXTargetDependency */ = {
			isa = PBXTargetDependency;
			target = 188876D729D3DB2E001110F0 /* MobileDevVFXPortfolio */;
			targetProxy = 188876F329D3DB2F001110F0 /* PBXContainerItemProxy */;
		};
/* End PBXTargetDependency section */

/* Begin XCBuildConfiguration section */
		188876FA29D3DB2F001110F0 /* Debug */ = {
			isa = XCBuildConfiguration;
			buildSettings = {
				ALWAYS_SEARCH_USER_PATHS = NO;
				CLANG_ANALYZER_NONNULL = YES;
				CLANG_ANALYZER_NUMBER_OBJECT_CONVERSION = YES_AGGRESSIVE;
				CLANG_CXX_LANGUAGE_STANDARD = "gnu++20";
				CLANG_ENABLE_MODULES = YES;
				CLANG_ENABLE_OBJC_ARC = YES;
				CLANG_ENABLE_OBJC_WEAK = YES;
				CLANG_WARN_BLOCK_CAPTURE_AUTORELEASING = YES;
				CLANG_WARN_BOOL_CONVERSION = YES;
				CLANG_WARN_COMMA = YES;
				CLANG_WARN_CONSTANT_CONVERSION = YES;
				CLANG_WARN_DEPRECATED_OBJC_IMPLEMENTATIONS = YES;
				CLANG_WARN_DIRECT_OBJC_ISA_USAGE = YES_ERROR;
				CLANG_WARN_DOCUMENTATION_COMMENTS = YES;
				CLANG_WARN_EMPTY_BODY = YES;
				CLANG_WARN_ENUM_CONVERSION = YES;
				CLANG_WARN_INFINITE_RECURSION = YES;
				CLANG_WARN_INT_CONVERSION = YES;
				CLANG_WARN_NON_LITERAL_NULL_CONVERSION = YES;
				CLANG_WARN_OBJC_IMPLICIT_RETAIN_SELF = YES;
				CLANG_WARN_OBJC_LITERAL_CONVERSION = YES;
				CLANG_WARN_OBJC_ROOT_CLASS = YES_ERROR;
				CLANG_WARN_QUOTED_INCLUDE_IN_FRAMEWORK_HEADER = YES;
				CLANG_WARN_RANGE_LOOP_ANALYSIS = YES;
				CLANG_WARN_STRICT_PROTOTYPES = YES;
				CLANG_WARN_SUSPICIOUS_MOVE = YES;
				CLANG_WARN_UNGUARDED_AVAILABILITY = YES_AGGRESSIVE;
				CLANG_WARN_UNREACHABLE_CODE = YES;
				CLANG_WARN__DUPLICATE_METHOD_MATCH = YES;
				COPY_PHASE_STRIP = NO;
				DEBUG_INFORMATION_FORMAT = dwarf;
				ENABLE_STRICT_OBJC_MSGSEND = YES;
				ENABLE_TESTABILITY = YES;
				GCC_C_LANGUAGE_STANDARD = gnu11;
				GCC_DYNAMIC_NO_PIC = NO;
				GCC_NO_COMMON_BLOCKS = YES;
				GCC_OPTIMIZATION_LEVEL = 0;
				GCC_PREPROCESSOR_DEFINITIONS = (
					"DEBUG=1",
					"$(inherited)",
				);
				GCC_WARN_64_TO_32_BIT_CONVERSION = YES;
				GCC_WARN_ABOUT_RETURN_TYPE = YES_ERROR;
				GCC_WARN_UNDECLARED_SELECTOR = YES;
				GCC_WARN_UNINITIALIZED_AUTOS = YES_AGGRESSIVE;
				GCC_WARN_UNUSED_FUNCTION = YES;
				GCC_WARN_UNUSED_VARIABLE = YES;
				IPHONEOS_DEPLOYMENT_TARGET = 16.0;
				MTL_ENABLE_DEBUG_INFO = INCLUDE_SOURCE;
				MTL_FAST_MATH = YES;
				ONLY_ACTIVE_ARCH = YES;
				SDKROOT = iphoneos;
				SWIFT_ACTIVE_COMPILATION_CONDITIONS = DEBUG;
				SWIFT_OPTIMIZATION_LEVEL = "-Onone";
			};
			name = Debug;
		};
		188876FB29D3DB2F001110F0 /* Release */ = {
			isa = XCBuildConfiguration;
			buildSettings = {
				ALWAYS_SEARCH_USER_PATHS = NO;
				CLANG_ANALYZER_NONNULL = YES;
				CLANG_ANALYZER_NUMBER_OBJECT_CONVERSION = YES_AGGRESSIVE;
				CLANG_CXX_LANGUAGE_STANDARD = "gnu++20";
				CLANG_ENABLE_MODULES = YES;
				CLANG_ENABLE_OBJC_ARC = YES;
				CLANG_ENABLE_OBJC_WEAK = YES;
				CLANG_WARN_BLOCK_CAPTURE_AUTORELEASING = YES;
				CLANG_WARN_BOOL_CONVERSION = YES;
				CLANG_WARN_COMMA = YES;
				CLANG_WARN_CONSTANT_CONVERSION = YES;
				CLANG_WARN_DEPRECATED_OBJC_IMPLEMENTATIONS = YES;
				CLANG_WARN_DIRECT_OBJC_ISA_USAGE = YES_ERROR;
				CLANG_WARN_DOCUMENTATION_COMMENTS = YES;
				CLANG_WARN_EMPTY_BODY = YES;
				CLANG_WARN_ENUM_CONVERSION = YES;
				CLANG_WARN_INFINITE_RECURSION = YES;
				CLANG_WARN_INT_CONVERSION = YES;
				CLANG_WARN_NON_LITERAL_NULL_CONVERSION = YES;
				CLANG_WARN_OBJC_IMPLICIT_RETAIN_SELF = YES;
				CLANG_WARN_OBJC_LITERAL_CONVERSION = YES;
				CLANG_WARN_OBJC_ROOT_CLASS = YES_ERROR;
				CLANG_WARN_QUOTED_INCLUDE_IN_FRAMEWORK_HEADER = YES;
				CLANG_WARN_RANGE_LOOP_ANALYSIS = YES;
				CLANG_WARN_STRICT_PROTOTYPES = YES;
				CLANG_WARN_SUSPICIOUS_MOVE = YES;
				CLANG_WARN_UNGUARDED_AVAILABILITY = YES_AGGRESSIVE;
				CLANG_WARN_UNREACHABLE_CODE = YES;
				CLANG_WARN__DUPLICATE_METHOD_MATCH = YES;
				COPY_PHASE_STRIP = NO;
				DEBUG_INFORMATION_FORMAT = "dwarf-with-dsym";
				ENABLE_NS_ASSERTIONS = NO;
				ENABLE_STRICT_OBJC_MSGSEND = YES;
				GCC_C_LANGUAGE_STANDARD = gnu11;
				GCC_NO_COMMON_BLOCKS = YES;
				GCC_WARN_64_TO_32_BIT_CONVERSION = YES;
				GCC_WARN_ABOUT_RETURN_TYPE = YES_ERROR;
				GCC_WARN_UNDECLARED_SELECTOR = YES;
				GCC_WARN_UNINITIALIZED_AUTOS = YES_AGGRESSIVE;
				GCC_WARN_UNUSED_FUNCTION = YES;
				GCC_WARN_UNUSED_VARIABLE = YES;
				IPHONEOS_DEPLOYMENT_TARGET = 16.0;
				MTL_ENABLE_DEBUG_INFO = NO;
				MTL_FAST_MATH = YES;
				SDKROOT = iphoneos;
				SWIFT_COMPILATION_MODE = wholemodule;
				SWIFT_OPTIMIZATION_LEVEL = "-O";
				VALIDATE_PRODUCT = YES;
			};
			name = Release;
		};
		188876FD29D3DB2F001110F0 /* Debug */ = {
			isa = XCBuildConfiguration;
			buildSettings = {
				ASSETCATALOG_COMPILER_APPICON_NAME = AppIcon;
				ASSETCATALOG_COMPILER_GLOBAL_ACCENT_COLOR_NAME = AccentColor;
				CODE_SIGN_STYLE = Automatic;
				CURRENT_PROJECT_VERSION = 1;
				DEVELOPMENT_ASSET_PATHS = "\"MobileDevVFXPortfolio/Preview Content\"";
				ENABLE_PREVIEWS = YES;
				GENERATE_INFOPLIST_FILE = YES;
				INFOPLIST_KEY_UIApplicationSceneManifest_Generation = YES;
				INFOPLIST_KEY_UIApplicationSupportsIndirectInputEvents = YES;
				INFOPLIST_KEY_UILaunchScreen_Generation = YES;
				INFOPLIST_KEY_UISupportedInterfaceOrientations_iPad = "UIInterfaceOrientationPortrait UIInterfaceOrientationPortraitUpsideDown UIInterfaceOrientationLandscapeLeft UIInterfaceOrientationLandscapeRight";
				INFOPLIST_KEY_UISupportedInterfaceOrientations_iPhone = "UIInterfaceOrientationPortrait UIInterfaceOrientationLandscapeLeft UIInterfaceOrientationLandscapeRight";
				LD_RUNPATH_SEARCH_PATHS = (
					"$(inherited)",
					"@executable_path/Frameworks",
				);
				MARKETING_VERSION = 1.0;
				PRODUCT_BUNDLE_IDENTIFIER = com.dennis.MobileDevVFXPortfolio;
				PRODUCT_NAME = "$(TARGET_NAME)";
				SWIFT_EMIT_LOC_STRINGS = YES;
				SWIFT_VERSION = 5.0;
				TARGETED_DEVICE_FAMILY = "1,2";
			};
			name = Debug;
		};
		188876FE29D3DB2F001110F0 /* Release */ = {
			isa = XCBuildConfiguration;
			buildSettings = {
				ASSETCATALOG_COMPILER_APPICON_NAME = AppIcon;
				ASSETCATALOG_COMPILER_GLOBAL_ACCENT_COLOR_NAME = AccentColor;
				CODE_SIGN_STYLE = Automatic;
				CURRENT_PROJECT_VERSION = 1;
				DEVELOPMENT_ASSET_PATHS = "\"MobileDevVFXPortfolio/Preview Content\"";
				ENABLE_PREVIEWS = YES;
				GENERATE_INFOPLIST_FILE = YES;
				INFOPLIST_KEY_UIApplicationSceneManifest_Generation = YES;
				INFOPLIST_KEY_UIApplicationSupportsIndirectInputEvents = YES;
				INFOPLIST_KEY_UILaunchScreen_Generation = YES;
				INFOPLIST_KEY_UISupportedInterfaceOrientations_iPad = "UIInterfaceOrientationPortrait UIInterfaceOrientationPortraitUpsideDown UIInterfaceOrientationLandscapeLeft UIInterfaceOrientationLandscapeRight";
				INFOPLIST_KEY_UISupportedInterfaceOrientations_iPhone = "UIInterfaceOrientationPortrait UIInterfaceOrientationLandscapeLeft UIInterfaceOrientationLandscapeRight";
				LD_RUNPATH_SEARCH_PATHS = (
					"$(inherited)",
					"@executable_path/Frameworks",
				);
				MARKETING_VERSION = 1.0;
				PRODUCT_BUNDLE_IDENTIFIER = com.dennis.MobileDevVFXPortfolio;
				PRODUCT_NAME = "$(TARGET_NAME)";
				SWIFT_EMIT_LOC_STRINGS = YES;
				SWIFT_VERSION = 5.0;
				TARGETED_DEVICE_FAMILY = "1,2";
			};
			name = Release;
		};
		1888770029D3DB2F001110F0 /* Debug */ = {
			isa = XCBuildConfiguration;
			buildSettings = {
				ALWAYS_EMBED_SWIFT_STANDARD_LIBRARIES = YES;
				BUNDLE_LOADER = "$(TEST_HOST)";
				CODE_SIGN_STYLE = Automatic;
				CURRENT_PROJECT_VERSION = 1;
				GENERATE_INFOPLIST_FILE = YES;
				IPHONEOS_DEPLOYMENT_TARGET = 16.0;
				MARKETING_VERSION = 1.0;
				PRODUCT_BUNDLE_IDENTIFIER = com.dennis.MobileDevVFXPortfolioTests;
				PRODUCT_NAME = "$(TARGET_NAME)";
				SWIFT_EMIT_LOC_STRINGS = NO;
				SWIFT_VERSION = 5.0;
				TARGETED_DEVICE_FAMILY = "1,2";
				TEST_HOST = "$(BUILT_PRODUCTS_DIR)/MobileDevVFXPortfolio.app/$(BUNDLE_EXECUTABLE_FOLDER_PATH)/MobileDevVFXPortfolio";
			};
			name = Debug;
		};
		1888770129D3DB2F001110F0 /* Release */ = {
			isa = XCBuildConfiguration;
			buildSettings = {
				ALWAYS_EMBED_SWIFT_STANDARD_LIBRARIES = YES;
				BUNDLE_LOADER = "$(TEST_HOST)";
				CODE_SIGN_STYLE = Automatic;
				CURRENT_PROJECT_VERSION = 1;
				GENERATE_INFOPLIST_FILE = YES;
				IPHONEOS_DEPLOYMENT_TARGET = 16.0;
				MARKETING_VERSION = 1.0;
				PRODUCT_BUNDLE_IDENTIFIER = com.dennis.MobileDevVFXPortfolioTests;
				PRODUCT_NAME = "$(TARGET_NAME)";
				SWIFT_EMIT_LOC_STRINGS = NO;
				SWIFT_VERSION = 5.0;
				TARGETED_DEVICE_FAMILY = "1,2";
				TEST_HOST = "$(BUILT_PRODUCTS_DIR)/MobileDevVFXPortfolio.app/$(BUNDLE_EXECUTABLE_FOLDER_PATH)/MobileDevVFXPortfolio";
			};
			name = Release;
		};
		1888770329D3DB2F001110F0 /* Debug */ = {
			isa = XCBuildConfiguration;
			buildSettings = {
				ALWAYS_EMBED_SWIFT_STANDARD_LIBRARIES = YES;
				CODE_SIGN_STYLE = Automatic;
				CURRENT_PROJECT_VERSION = 1;
				GENERATE_INFOPLIST_FILE = YES;
				MARKETING_VERSION = 1.0;
				PRODUCT_BUNDLE_IDENTIFIER = com.dennis.MobileDevVFXPortfolioUITests;
				PRODUCT_NAME = "$(TARGET_NAME)";
				SWIFT_EMIT_LOC_STRINGS = NO;
				SWIFT_VERSION = 5.0;
				TARGETED_DEVICE_FAMILY = "1,2";
				TEST_TARGET_NAME = MobileDevVFXPortfolio;
			};
			name = Debug;
		};
		1888770429D3DB2F001110F0 /* Release */ = {
			isa = XCBuildConfiguration;
			buildSettings = {
				ALWAYS_EMBED_SWIFT_STANDARD_LIBRARIES = YES;
				CODE_SIGN_STYLE = Automatic;
				CURRENT_PROJECT_VERSION = 1;
				GENERATE_INFOPLIST_FILE = YES;
				MARKETING_VERSION = 1.0;
				PRODUCT_BUNDLE_IDENTIFIER = com.dennis.MobileDevVFXPortfolioUITests;
				PRODUCT_NAME = "$(TARGET_NAME)";
				SWIFT_EMIT_LOC_STRINGS = NO;
				SWIFT_VERSION = 5.0;
				TARGETED_DEVICE_FAMILY = "1,2";
				TEST_TARGET_NAME = MobileDevVFXPortfolio;
			};
			name = Release;
		};
/* End XCBuildConfiguration section */

/* Begin XCConfigurationList section */
		188876D329D3DB2E001110F0 /* Build configuration list for PBXProject "MobileDevVFXPortfolio" */ = {
			isa = XCConfigurationList;
			buildConfigurations = (
				188876FA29D3DB2F001110F0 /* Debug */,
				188876FB29D3DB2F001110F0 /* Release */,
			);
			defaultConfigurationIsVisible = 0;
			defaultConfigurationName = Release;
		};
		188876FC29D3DB2F001110F0 /* Build configuration list for PBXNativeTarget "MobileDevVFXPortfolio" */ = {
			isa = XCConfigurationList;
			buildConfigurations = (
				188876FD29D3DB2F001110F0 /* Debug */,
				188876FE29D3DB2F001110F0 /* Release */,
			);
			defaultConfigurationIsVisible = 0;
			defaultConfigurationName = Release;
		};
		188876FF29D3DB2F001110F0 /* Build configuration list for PBXNativeTarget "MobileDevVFXPortfolioTests" */ = {
			isa = XCConfigurationList;
			buildConfigurations = (
				1888770029D3DB2F001110F0 /* Debug */,
				1888770129D3DB2F001110F0 /* Release */,
			);
			defaultConfigurationIsVisible = 0;
			defaultConfigurationName = Release;
		};
		1888770229D3DB2F001110F0 /* Build configuration list for PBXNativeTarget "MobileDevVFXPortfolioUITests" */ = {
			isa = XCConfigurationList;
			buildConfigurations = (
				1888770329D3DB2F001110F0 /* Debug */,
				1888770429D3DB2F001110F0 /* Release */,
			);
			defaultConfigurationIsVisible = 0;
			defaultConfigurationName = Release;
		};
/* End XCConfigurationList section */
	};
	rootObject = 188876D029D3DB2E001110F0 /* Project object */;
}
